
Microsoft Visual Studio Solution File, Format Version 12.00
# Visual Studio Version 17
VisualStudioVersion = 17.0.31919.166
MinimumVisualStudioVersion = 10.0.40219.1
Project("{2150E333-8FDC-42A3-9474-1A3956D46DE8}") = "src", "src", "{4F2DBE74-50B8-42C6-9294-F98849A279E0}"
EndProject
Project("{2150E333-8FDC-42A3-9474-1A3956D46DE8}") = "libs", "libs", "{249652E8-0B50-4098-A748-3AA47660FD87}"
EndProject
Project("{2150E333-8FDC-42A3-9474-1A3956D46DE8}") = "middleware", "middleware", "{D30CD291-8313-4B7E-A641-F402DD9305CA}"
EndProject
Project("{9A19103F-16F7-4668-BE54-9A1E7A4F7556}") = "SessionExtendMiddleware", "src\libs\middleware\SessionExtendMiddleware\SessionExtendMiddleware.csproj", "{6CCDC2C0-DDBE-4850-A364-3E837B99491B}"
EndProject
Project("{2150E333-8FDC-42A3-9474-1A3956D46DE8}") = "documentation", "documentation", "{B14B1DBE-BE26-468A-973C-2D31F064D91D}"
EndProject
Project("{9A19103F-16F7-4668-BE54-9A1E7A4F7556}") = "LTunes.Lib.Documentation", "src\libs\documentation\LTunes.Lib.Documentation\LTunes.Lib.Documentation.csproj", "{FDC4859F-F1FF-4722-A6F9-806079711F39}"
EndProject
Project("{2150E333-8FDC-42A3-9474-1A3956D46DE8}") = "shared", "shared", "{F2B56F8A-66D3-4860-AD3B-3DDFBE8135DE}"
EndProject
Project("{9A19103F-16F7-4668-BE54-9A1E7A4F7556}") = "LTunes.Lib.Shared", "src\libs\shared\LTunes.Lib.Shared\LTunes.Lib.Shared.csproj", "{E3ED7108-ECB9-4C84-BF77-ADB92E747159}"
EndProject
Project("{2150E333-8FDC-42A3-9474-1A3956D46DE8}") = "apiversion", "apiversion", "{30CAA388-F761-4A4B-AC32-6498062694DC}"
EndProject
Project("{9A19103F-16F7-4668-BE54-9A1E7A4F7556}") = "LTunes.Lib.ApiVersion", "src\libs\apiversion\LTunes.Lib.ApiVersion\LTunes.Lib.ApiVersion.csproj", "{71F8815D-69F7-4632-8929-D2872428C736}"
EndProject
Project("{2150E333-8FDC-42A3-9474-1A3956D46DE8}") = "healthcheck", "healthcheck", "{F31D13B2-C056-49B8-AF9B-5F1FBE636A6E}"
EndProject
Project("{9A19103F-16F7-4668-BE54-9A1E7A4F7556}") = "LTunes.Lib.HealthCheck", "src\libs\healthcheck\LTunes.Lib.HealthCheck\LTunes.Lib.HealthCheck.csproj", "{53EF99BF-D959-4204-89E6-20745B1CC886}"
EndProject
Project("{2150E333-8FDC-42A3-9474-1A3956D46DE8}") = "workers", "workers", "{84745712-5519-4BFB-8F4B-87CFE7003E8A}"
EndProject
Project("{FAE04EC0-301F-11D3-BF4B-00C04F79EFBC}") = "LTunes.Lib.Hangfire", "src\libs\workers\LTunes.Lib.Hangfire\LTunes.Lib.Hangfire.csproj", "{60799905-369D-47DE-AA66-ADF65BBA5C10}"
EndProject
Global
	GlobalSection(SolutionConfigurationPlatforms) = preSolution
		Debug|Any CPU = Debug|Any CPU
		Release|Any CPU = Release|Any CPU
	EndGlobalSection
	GlobalSection(ProjectConfigurationPlatforms) = postSolution
		{6CCDC2C0-DDBE-4850-A364-3E837B99491B}.Debug|Any CPU.ActiveCfg = Debug|Any CPU
		{6CCDC2C0-DDBE-4850-A364-3E837B99491B}.Debug|Any CPU.Build.0 = Debug|Any CPU
		{6CCDC2C0-DDBE-4850-A364-3E837B99491B}.Release|Any CPU.ActiveCfg = Release|Any CPU
		{6CCDC2C0-DDBE-4850-A364-3E837B99491B}.Release|Any CPU.Build.0 = Release|Any CPU
		{FDC4859F-F1FF-4722-A6F9-806079711F39}.Debug|Any CPU.ActiveCfg = Debug|Any CPU
		{FDC4859F-F1FF-4722-A6F9-806079711F39}.Debug|Any CPU.Build.0 = Debug|Any CPU
		{FDC4859F-F1FF-4722-A6F9-806079711F39}.Release|Any CPU.ActiveCfg = Release|Any CPU
		{FDC4859F-F1FF-4722-A6F9-806079711F39}.Release|Any CPU.Build.0 = Release|Any CPU
		{E3ED7108-ECB9-4C84-BF77-ADB92E747159}.Debug|Any CPU.ActiveCfg = Debug|Any CPU
		{E3ED7108-ECB9-4C84-BF77-ADB92E747159}.Debug|Any CPU.Build.0 = Debug|Any CPU
		{E3ED7108-ECB9-4C84-BF77-ADB92E747159}.Release|Any CPU.ActiveCfg = Release|Any CPU
		{E3ED7108-ECB9-4C84-BF77-ADB92E747159}.Release|Any CPU.Build.0 = Release|Any CPU
		{71F8815D-69F7-4632-8929-D2872428C736}.Debug|Any CPU.ActiveCfg = Debug|Any CPU
		{71F8815D-69F7-4632-8929-D2872428C736}.Debug|Any CPU.Build.0 = Debug|Any CPU
		{71F8815D-69F7-4632-8929-D2872428C736}.Release|Any CPU.ActiveCfg = Release|Any CPU
		{71F8815D-69F7-4632-8929-D2872428C736}.Release|Any CPU.Build.0 = Release|Any CPU
		{53EF99BF-D959-4204-89E6-20745B1CC886}.Debug|Any CPU.ActiveCfg = Debug|Any CPU
		{53EF99BF-D959-4204-89E6-20745B1CC886}.Debug|Any CPU.Build.0 = Debug|Any CPU
		{53EF99BF-D959-4204-89E6-20745B1CC886}.Release|Any CPU.ActiveCfg = Release|Any CPU
		{53EF99BF-D959-4204-89E6-20745B1CC886}.Release|Any CPU.Build.0 = Release|Any CPU
		{60799905-369D-47DE-AA66-ADF65BBA5C10}.Debug|Any CPU.ActiveCfg = Debug|Any CPU
		{60799905-369D-47DE-AA66-ADF65BBA5C10}.Debug|Any CPU.Build.0 = Debug|Any CPU
		{60799905-369D-47DE-AA66-ADF65BBA5C10}.Release|Any CPU.ActiveCfg = Release|Any CPU
		{60799905-369D-47DE-AA66-ADF65BBA5C10}.Release|Any CPU.Build.0 = Release|Any CPU
	EndGlobalSection
	GlobalSection(SolutionProperties) = preSolution
		HideSolutionNode = FALSE
	EndGlobalSection
	GlobalSection(NestedProjects) = preSolution
		{249652E8-0B50-4098-A748-3AA47660FD87} = {4F2DBE74-50B8-42C6-9294-F98849A279E0}
		{D30CD291-8313-4B7E-A641-F402DD9305CA} = {249652E8-0B50-4098-A748-3AA47660FD87}
		{6CCDC2C0-DDBE-4850-A364-3E837B99491B} = {D30CD291-8313-4B7E-A641-F402DD9305CA}
		{B14B1DBE-BE26-468A-973C-2D31F064D91D} = {249652E8-0B50-4098-A748-3AA47660FD87}
		{FDC4859F-F1FF-4722-A6F9-806079711F39} = {B14B1DBE-BE26-468A-973C-2D31F064D91D}
		{F2B56F8A-66D3-4860-AD3B-3DDFBE8135DE} = {249652E8-0B50-4098-A748-3AA47660FD87}
		{E3ED7108-ECB9-4C84-BF77-ADB92E747159} = {F2B56F8A-66D3-4860-AD3B-3DDFBE8135DE}
		{30CAA388-F761-4A4B-AC32-6498062694DC} = {249652E8-0B50-4098-A748-3AA47660FD87}
		{71F8815D-69F7-4632-8929-D2872428C736} = {30CAA388-F761-4A4B-AC32-6498062694DC}
		{F31D13B2-C056-49B8-AF9B-5F1FBE636A6E} = {249652E8-0B50-4098-A748-3AA47660FD87}
		{53EF99BF-D959-4204-89E6-20745B1CC886} = {F31D13B2-C056-49B8-AF9B-5F1FBE636A6E}
		{84745712-5519-4BFB-8F4B-87CFE7003E8A} = {249652E8-0B50-4098-A748-3AA47660FD87}
		{60799905-369D-47DE-AA66-ADF65BBA5C10} = {84745712-5519-4BFB-8F4B-87CFE7003E8A}
	EndGlobalSection
	GlobalSection(ExtensibilityGlobals) = postSolution
		SolutionGuid = {D456D214-D4E5-4522-9CA8-BC84C74F4C82}
	EndGlobalSection
EndGlobal
